
Microsoft Visual Studio Solution File, Format Version 12.00
# Visual Studio Version 16
VisualStudioVersion = 16.0.30804.86
MinimumVisualStudioVersion = 10.0.40219.1
Project("{FAE04EC0-301F-11D3-BF4B-00C04F79EFBC}") = "_34", "_34\_34.csproj", "{EBC6EE25-92D0-40DD-98A5-2B3004DE9455}"
EndProject
Global
	GlobalSection(SolutionConfigurationPlatforms) = preSolution
		Debug|Any CPU = Debug|Any CPU
		Release|Any CPU = Release|Any CPU
	EndGlobalSection
	GlobalSection(ProjectConfigurationPlatforms) = postSolution
		{EBC6EE25-92D0-40DD-98A5-2B3004DE9455}.Debug|Any CPU.ActiveCfg = Debug|Any CPU
		{EBC6EE25-92D0-40DD-98A5-2B3004DE9455}.Debug|Any CPU.Build.0 = Debug|Any CPU
		{EBC6EE25-92D0-40DD-98A5-2B3004DE9455}.Release|Any CPU.ActiveCfg = Release|Any CPU
		{EBC6EE25-92D0-40DD-98A5-2B3004DE9455}.Release|Any CPU.Build.0 = Release|Any CPU
	EndGlobalSection
	GlobalSection(SolutionProperties) = preSolution
		HideSolutionNode = FALSE
	EndGlobalSection
	GlobalSection(ExtensibilityGlobals) = postSolution
		SolutionGuid = {A2CED3A4-B576-4FA8-8EFC-BD8F2B8D477C}
	EndGlobalSection
EndGlobal
